
Microsoft Visual Studio Solution File, Format Version 12.00
# Visual Studio 15
VisualStudioVersion = 15.0.28307.489
MinimumVisualStudioVersion = 10.0.40219.1
Project("{FAE04EC0-301F-11D3-BF4B-00C04F79EFBC}") = "HotelAdminPanel", "HotelAdminPanel\HotelAdminPanel.csproj", "{64BE1038-FBFC-48DB-800A-B789F8CFD64D}"
EndProject
Global
	GlobalSection(SolutionConfigurationPlatforms) = preSolution
		Debug|Any CPU = Debug|Any CPU
		Release|Any CPU = Release|Any CPU
	EndGlobalSection
	GlobalSection(ProjectConfigurationPlatforms) = postSolution
		{64BE1038-FBFC-48DB-800A-B789F8CFD64D}.Debug|Any CPU.ActiveCfg = Debug|Any CPU
		{64BE1038-FBFC-48DB-800A-B789F8CFD64D}.Debug|Any CPU.Build.0 = Debug|Any CPU
		{64BE1038-FBFC-48DB-800A-B789F8CFD64D}.Release|Any CPU.ActiveCfg = Release|Any CPU
		{64BE1038-FBFC-48DB-800A-B789F8CFD64D}.Release|Any CPU.Build.0 = Release|Any CPU
	EndGlobalSection
	GlobalSection(SolutionProperties) = preSolution
		HideSolutionNode = FALSE
	EndGlobalSection
	GlobalSection(ExtensibilityGlobals) = postSolution
		SolutionGuid = {EF466733-1D76-4622-9795-EBB041BADAA5}
	EndGlobalSection
EndGlobal
